
Microsoft Visual Studio Solution File, Format Version 12.00
# Visual Studio 15
VisualStudioVersion = 15.0.28307.136
MinimumVisualStudioVersion = 10.0.40219.1
Project("{FAE04EC0-301F-11D3-BF4B-00C04F79EFBC}") = "QuineMcCluskey", "QuineMcCluskey\QuineMcCluskey.csproj", "{540D9962-A272-4992-9ED6-6EDB9DFEAEA6}"
EndProject
Global
	GlobalSection(SolutionConfigurationPlatforms) = preSolution
		Debug|Any CPU = Debug|Any CPU
		Release|Any CPU = Release|Any CPU
	EndGlobalSection
	GlobalSection(ProjectConfigurationPlatforms) = postSolution
		{540D9962-A272-4992-9ED6-6EDB9DFEAEA6}.Debug|Any CPU.ActiveCfg = Debug|Any CPU
		{540D9962-A272-4992-9ED6-6EDB9DFEAEA6}.Debug|Any CPU.Build.0 = Debug|Any CPU
		{540D9962-A272-4992-9ED6-6EDB9DFEAEA6}.Release|Any CPU.ActiveCfg = Release|Any CPU
		{540D9962-A272-4992-9ED6-6EDB9DFEAEA6}.Release|Any CPU.Build.0 = Release|Any CPU
	EndGlobalSection
	GlobalSection(SolutionProperties) = preSolution
		HideSolutionNode = FALSE
	EndGlobalSection
	GlobalSection(ExtensibilityGlobals) = postSolution
		SolutionGuid = {10DD3A72-100A-4378-8863-AE41AB765961}
	EndGlobalSection
EndGlobal
